
Microsoft Visual Studio Solution File, Format Version 12.00
# Visual Studio Version 16
VisualStudioVersion = 16.0.30804.86
MinimumVisualStudioVersion = 10.0.40219.1
Project("{9A19103F-16F7-4668-BE54-9A1E7A4F7556}") = "TestNullObjectPattern", "TestNullObjectPattern.csproj", "{44461BFB-3B3B-4480-A545-A75E0A781A3E}"
EndProject
Global
	GlobalSection(SolutionConfigurationPlatforms) = preSolution
		Debug|Any CPU = Debug|Any CPU
		Release|Any CPU = Release|Any CPU
	EndGlobalSection
	GlobalSection(ProjectConfigurationPlatforms) = postSolution
		{44461BFB-3B3B-4480-A545-A75E0A781A3E}.Debug|Any CPU.ActiveCfg = Debug|Any CPU
		{44461BFB-3B3B-4480-A545-A75E0A781A3E}.Debug|Any CPU.Build.0 = Debug|Any CPU
		{44461BFB-3B3B-4480-A545-A75E0A781A3E}.Release|Any CPU.ActiveCfg = Release|Any CPU
		{44461BFB-3B3B-4480-A545-A75E0A781A3E}.Release|Any CPU.Build.0 = Release|Any CPU
	EndGlobalSection
	GlobalSection(SolutionProperties) = preSolution
		HideSolutionNode = FALSE
	EndGlobalSection
	GlobalSection(ExtensibilityGlobals) = postSolution
		SolutionGuid = {DE1A2A1E-4478-4328-B12A-1D9E2408B24D}
	EndGlobalSection
EndGlobal
